
Microsoft Visual Studio Solution File, Format Version 12.00
# Visual Studio Version 17
VisualStudioVersion = 17.3.32901.215
MinimumVisualStudioVersion = 10.0.40219.1
Project("{FAE04EC0-301F-11D3-BF4B-00C04F79EFBC}") = "NotWordle", "NotWordle.csproj", "{F8647F25-3AC2-46E8-8D30-2A2A6BF2EDEA}"
EndProject
Global
	GlobalSection(SolutionConfigurationPlatforms) = preSolution
		Debug|Any CPU = Debug|Any CPU
		Release|Any CPU = Release|Any CPU
	EndGlobalSection
	GlobalSection(ProjectConfigurationPlatforms) = postSolution
		{F8647F25-3AC2-46E8-8D30-2A2A6BF2EDEA}.Debug|Any CPU.ActiveCfg = Debug|Any CPU
		{F8647F25-3AC2-46E8-8D30-2A2A6BF2EDEA}.Debug|Any CPU.Build.0 = Debug|Any CPU
		{F8647F25-3AC2-46E8-8D30-2A2A6BF2EDEA}.Release|Any CPU.ActiveCfg = Release|Any CPU
		{F8647F25-3AC2-46E8-8D30-2A2A6BF2EDEA}.Release|Any CPU.Build.0 = Release|Any CPU
	EndGlobalSection
	GlobalSection(SolutionProperties) = preSolution
		HideSolutionNode = FALSE
	EndGlobalSection
	GlobalSection(ExtensibilityGlobals) = postSolution
		SolutionGuid = {2B0A363C-01E1-4978-AD7E-53F4333537B4}
	EndGlobalSection
EndGlobal
